# This file was autogenerated by Stack.
# You should not edit this file by hand.
# For more information, please see the documentation at:
#   https://docs.haskellstack.org/en/stable/lock_files

packages: []
snapshots:
- completed:
    size: 535699
    url: https://raw.githubusercontent.com/commercialhaskell/stackage-snapshots/master/lts/9/11.yaml
    sha256: 928a9df9f742fdf143bca306f484b5baddd4c3fb8736b518fd318d43fdcffffa
  original: lts-9.11
